Microsoft Visual Studio Solution File, Format Version 11.00
# Visual Studio 2008

Project("{54BADBBA-C6FB-D018-067D-86527725067B}") = "Fish Pond", "Assembly-CSharp-firstpass-vs.csproj", "{3C3F0C49-3D03-F9C6-DFE3-E788DF2B9394}"
EndProject
Project("{54BADBBA-C6FB-D018-067D-86527725067B}") = "Fish Pond", "Assembly-CSharp-vs.csproj", "{C00EDCF8-8C9F-F85B-22A2-57E2834AB073}"
EndProject
Global
	GlobalSection(SolutionConfigurationPlatforms) = preSolution
		Debug|Any CPU = Debug|Any CPU
		Release|Any CPU = Release|Any CPU
	EndGlobalSection
	GlobalSection(ProjectConfigurationPlatforms) = postSolution
		{3C3F0C49-3D03-F9C6-DFE3-E788DF2B9394}.Debug|Any CPU.ActiveCfg = Debug|Any CPU
		{3C3F0C49-3D03-F9C6-DFE3-E788DF2B9394}.Debug|Any CPU.Build.0 = Debug|Any CPU
		{3C3F0C49-3D03-F9C6-DFE3-E788DF2B9394}.Release|Any CPU.ActiveCfg = Release|Any CPU
		{3C3F0C49-3D03-F9C6-DFE3-E788DF2B9394}.Release|Any CPU.Build.0 = Release|Any CPU
		{C00EDCF8-8C9F-F85B-22A2-57E2834AB073}.Debug|Any CPU.ActiveCfg = Debug|Any CPU
		{C00EDCF8-8C9F-F85B-22A2-57E2834AB073}.Debug|Any CPU.Build.0 = Debug|Any CPU
		{C00EDCF8-8C9F-F85B-22A2-57E2834AB073}.Release|Any CPU.ActiveCfg = Release|Any CPU
		{C00EDCF8-8C9F-F85B-22A2-57E2834AB073}.Release|Any CPU.Build.0 = Release|Any CPU
	EndGlobalSection
	GlobalSection(SolutionProperties) = preSolution
		HideSolutionNode = FALSE
	EndGlobalSection
																					GlobalSection(MonoDevelopProperties) = preSolution
		StartupItem = Assembly-CSharp.csproj
		Policies = $0
		$0.TextStylePolicy = $1
		$1.inheritsSet = null
		$1.scope = text/x-csharp
		$0.CSharpFormattingPolicy = $2
		$2.inheritsSet = Mono
		$2.inheritsScope = text/x-csharp
		$2.scope = text/x-csharp
		$0.TextStylePolicy = $3
		$3.FileWidth = 120
		$3.TabWidth = 4
		$3.EolMarker = Unix
		$3.inheritsSet = Mono
		$3.inheritsScope = text/plain
		$3.scope = text/plain
	EndGlobalSection

EndGlobal
